{
  "nodes": {
    "nixos-hardware": {
      "locked": {
        "lastModified": 1710622004,
        "narHash": "sha256-6zR642tXcZzzk3C8BHxlCrR0yh8z8zMXLiuXpWDIpX0=",
        "owner": "NixOS",
        "repo": "nixos-hardware",
        "rev": "968952f950a59dee9ed1e8799dda38c6dfa1bad3",
        "type": "github"
      },
      "original": {
        "owner": "NixOS",
        "ref": "master",
        "repo": "nixos-hardware",
        "type": "github"
      }
    },
    "nixpkgs": {
      "locked": {
        "lastModified": 1710806803,
        "narHash": "sha256-qrxvLS888pNJFwJdK+hf1wpRCSQcqA6W5+Ox202NDa0=",
        "owner": "nixos",
        "repo": "nixpkgs",
        "rev": "b06025f1533a1e07b6db3e75151caa155d1c7eb3",
        "type": "github"
      },
      "original": {
        "owner": "nixos",
        "ref": "nixos-unstable",
        "repo": "nixpkgs",
        "type": "github"
      }
    },
    "root": {
      "inputs": {
        "nixos-hardware": "nixos-hardware",
        "nixpkgs": "nixpkgs"
      }
    }
  },
  "root": "root",
  "version": 7
}
